
Microsoft Visual Studio Solution File, Format Version 9.00
# Visual Studio 2005
Project("{8BC9CEB8-8B4A-11D0-8D11-00A0C91BC942}") = "BinaryFile", "BinaryFile.vcproj", "{85201624-A1F0-40D3-9A74-4FEFA347CB4B}"
EndProject
Global
	GlobalSection(SolutionConfigurationPlatforms) = preSolution
		Debug|Win32 = Debug|Win32
		Release|Win32 = Release|Win32
	EndGlobalSection
	GlobalSection(ProjectConfigurationPlatforms) = postSolution
		{85201624-A1F0-40D3-9A74-4FEFA347CB4B}.Debug|Win32.ActiveCfg = Debug|Win32
		{85201624-A1F0-40D3-9A74-4FEFA347CB4B}.Debug|Win32.Build.0 = Debug|Win32
		{85201624-A1F0-40D3-9A74-4FEFA347CB4B}.Release|Win32.ActiveCfg = Release|Win32
		{85201624-A1F0-40D3-9A74-4FEFA347CB4B}.Release|Win32.Build.0 = Release|Win32
	EndGlobalSection
	GlobalSection(SolutionProperties) = preSolution
		HideSolutionNode = FALSE
	EndGlobalSection
EndGlobal
