
Microsoft Visual Studio Solution File, Format Version 9.00
# Visual Studio 2005
Project("{8BC9CEB8-8B4A-11D0-8D11-00A0C91BC942}") = "boomerang", "boomerang.vcproj", "{F26AB929-9FF3-4036-84D8-976798F4CE2F}"
EndProject
Project("{8BC9CEB8-8B4A-11D0-8D11-00A0C91BC942}") = "BinaryFile", "win32make\BinaryFile\BinaryFile.vcproj", "{85201624-A1F0-40D3-9A74-4FEFA347CB4B}"
EndProject
Project("{8BC9CEB8-8B4A-11D0-8D11-00A0C91BC942}") = "Win32BinaryFile", "win32make\Win32BinaryFile\Win32BinaryFile.vcproj", "{8D926C88-2352-4F98-BEB6-F8FF6F5DB082}"
EndProject
Global
	GlobalSection(SolutionConfigurationPlatforms) = preSolution
		Debug|Win32 = Debug|Win32
		Release|Win32 = Release|Win32
	EndGlobalSection
	GlobalSection(ProjectConfigurationPlatforms) = postSolution
		{F26AB929-9FF3-4036-84D8-976798F4CE2F}.Debug|Win32.ActiveCfg = Debug|Win32
		{F26AB929-9FF3-4036-84D8-976798F4CE2F}.Debug|Win32.Build.0 = Debug|Win32
		{F26AB929-9FF3-4036-84D8-976798F4CE2F}.Release|Win32.ActiveCfg = Release|Win32
		{F26AB929-9FF3-4036-84D8-976798F4CE2F}.Release|Win32.Build.0 = Release|Win32
		{85201624-A1F0-40D3-9A74-4FEFA347CB4B}.Debug|Win32.ActiveCfg = Debug|Win32
		{85201624-A1F0-40D3-9A74-4FEFA347CB4B}.Debug|Win32.Build.0 = Debug|Win32
		{85201624-A1F0-40D3-9A74-4FEFA347CB4B}.Release|Win32.ActiveCfg = Release|Win32
		{85201624-A1F0-40D3-9A74-4FEFA347CB4B}.Release|Win32.Build.0 = Release|Win32
		{8D926C88-2352-4F98-BEB6-F8FF6F5DB082}.Debug|Win32.ActiveCfg = Debug|Win32
		{8D926C88-2352-4F98-BEB6-F8FF6F5DB082}.Debug|Win32.Build.0 = Debug|Win32
		{8D926C88-2352-4F98-BEB6-F8FF6F5DB082}.Release|Win32.ActiveCfg = Release|Win32
		{8D926C88-2352-4F98-BEB6-F8FF6F5DB082}.Release|Win32.Build.0 = Release|Win32
	EndGlobalSection
	GlobalSection(SolutionProperties) = preSolution
		HideSolutionNode = FALSE
	EndGlobalSection
EndGlobal
